// !$*UTF8*$!
{
	archiveVersion = 1;
	classes = {
	};
	objectVersion = 48;
	objects = {

/* Begin PBXBuildFile section */
		6E341A761F695D8400AB4C4B /* Constants.swift in Sources */ = {isa = PBXBuildFile; fileRef = 6E341A751F695D8400AB4C4B /* Constants.swift */; };
		71A9F8ABAE830906DA8D4ACB /* Pods_Bar_Gain.framework in Frameworks */ = {isa = PBXBuildFile; fileRef = FB50CA9FAB1A5273E5465475 /* Pods_Bar_Gain.framework */; };
		98032D761FD0F69700223834 /* SanFranciscoDisplay-Black.otf in Resources */ = {isa = PBXBuildFile; fileRef = 98032D601FD0F68C00223834 /* SanFranciscoDisplay-Black.otf */; };
		98032D771FD0F69700223834 /* SanFranciscoText-Semibold.otf in Resources */ = {isa = PBXBuildFile; fileRef = 98032D611FD0F68C00223834 /* SanFranciscoText-Semibold.otf */; };
		98032D781FD0F69700223834 /* SanFranciscoText-Bold.otf in Resources */ = {isa = PBXBuildFile; fileRef = 98032D621FD0F68C00223834 /* SanFranciscoText-Bold.otf */; };
		98032D791FD0F69700223834 /* SanFranciscoDisplay-Thin.otf in Resources */ = {isa = PBXBuildFile; fileRef = 98032D631FD0F68C00223834 /* SanFranciscoDisplay-Thin.otf */; };
		98032D7A1FD0F69700223834 /* SanFranciscoText-Light.otf in Resources */ = {isa = PBXBuildFile; fileRef = 98032D641FD0F68D00223834 /* SanFranciscoText-Light.otf */; };
		98032D7B1FD0F69700223834 /* SanFranciscoDisplay-Regular.otf in Resources */ = {isa = PBXBuildFile; fileRef = 98032D651FD0F68D00223834 /* SanFranciscoDisplay-Regular.otf */; };
		98032D7C1FD0F69700223834 /* SanFranciscoText-LightItalic.otf in Resources */ = {isa = PBXBuildFile; fileRef = 98032D661FD0F68D00223834 /* SanFranciscoText-LightItalic.otf */; };
		98032D7D1FD0F69700223834 /* SanFranciscoText-BoldItalic.otf in Resources */ = {isa = PBXBuildFile; fileRef = 98032D671FD0F68D00223834 /* SanFranciscoText-BoldItalic.otf */; };
		98032D7E1FD0F69700223834 /* SanFranciscoDisplay-Heavy.otf in Resources */ = {isa = PBXBuildFile; fileRef = 98032D681FD0F68E00223834 /* SanFranciscoDisplay-Heavy.otf */; };
		98032D7F1FD0F69700223834 /* SanFranciscoDisplay-Light.otf in Resources */ = {isa = PBXBuildFile; fileRef = 98032D691FD0F68E00223834 /* SanFranciscoDisplay-Light.otf */; };
		98032D801FD0F69700223834 /* SanFranciscoDisplay-Semibold.otf in Resources */ = {isa = PBXBuildFile; fileRef = 98032D6A1FD0F68E00223834 /* SanFranciscoDisplay-Semibold.otf */; };
		98032D811FD0F69700223834 /* SanFranciscoText-RegularItalic.otf in Resources */ = {isa = PBXBuildFile; fileRef = 98032D6B1FD0F68E00223834 /* SanFranciscoText-RegularItalic.otf */; };
		98032D821FD0F69700223834 /* SanFranciscoDisplay-Medium.otf in Resources */ = {isa = PBXBuildFile; fileRef = 98032D6C1FD0F68F00223834 /* SanFranciscoDisplay-Medium.otf */; };
		98032D831FD0F69700223834 /* SanFranciscoText-Heavy.otf in Resources */ = {isa = PBXBuildFile; fileRef = 98032D6D1FD0F69100223834 /* SanFranciscoText-Heavy.otf */; };
		98032D841FD0F69700223834 /* SanFranciscoDisplay-Bold.otf in Resources */ = {isa = PBXBuildFile; fileRef = 98032D6E1FD0F69100223834 /* SanFranciscoDisplay-Bold.otf */; };
		98032D851FD0F69700223834 /* SanFranciscoText-SemiboldItalic.otf in Resources */ = {isa = PBXBuildFile; fileRef = 98032D6F1FD0F69200223834 /* SanFranciscoText-SemiboldItalic.otf */; };
		98032D861FD0F69700223834 /* SanFranciscoText-Regular.otf in Resources */ = {isa = PBXBuildFile; fileRef = 98032D701FD0F69200223834 /* SanFranciscoText-Regular.otf */; };
		98032D871FD0F69700223834 /* SanFranciscoText-HeavyItalic.otf in Resources */ = {isa = PBXBuildFile; fileRef = 98032D711FD0F69200223834 /* SanFranciscoText-HeavyItalic.otf */; };
		98032D881FD0F69700223834 /* SanFranciscoText-Medium.otf in Resources */ = {isa = PBXBuildFile; fileRef = 98032D721FD0F69300223834 /* SanFranciscoText-Medium.otf */; };
		98032D891FD0F69700223834 /* SanFranciscoDisplay-Ultralight.otf in Resources */ = {isa = PBXBuildFile; fileRef = 98032D731FD0F69300223834 /* SanFranciscoDisplay-Ultralight.otf */; };
		98032D8A1FD0F69700223834 /* SanFranciscoText-MediumItalic.otf in Resources */ = {isa = PBXBuildFile; fileRef = 98032D741FD0F69300223834 /* SanFranciscoText-MediumItalic.otf */; };
		9813B7E61FB639F800E985BC /* TableView.swift in Sources */ = {isa = PBXBuildFile; fileRef = 9813B7E51FB639F800E985BC /* TableView.swift */; };
		9818F7A31FD4DBE600BAB421 /* ShippingMethodView.swift in Sources */ = {isa = PBXBuildFile; fileRef = 9818F7A21FD4DBE600BAB421 /* ShippingMethodView.swift */; };
		982443631FBE6791006517B3 /* AddItemTableView.swift in Sources */ = {isa = PBXBuildFile; fileRef = 982443621FBE6791006517B3 /* AddItemTableView.swift */; };
		982443651FBE71B5006517B3 /* TitleFieldView.swift in Sources */ = {isa = PBXBuildFile; fileRef = 982443641FBE71B5006517B3 /* TitleFieldView.swift */; };
		982F318F1FE8D4B2009AFBA0 /* ConditionSelectionView.swift in Sources */ = {isa = PBXBuildFile; fileRef = 982F318E1FE8D4B2009AFBA0 /* ConditionSelectionView.swift */; };
		98353D471FD3ABB100A8C794 /* MyItemView.swift in Sources */ = {isa = PBXBuildFile; fileRef = 98353D461FD3ABB100A8C794 /* MyItemView.swift */; };
		98659FA820086C100043E555 /* SelectedItemView.swift in Sources */ = {isa = PBXBuildFile; fileRef = 98659FA720086C100043E555 /* SelectedItemView.swift */; };
		986C37CF1FD226850027DE36 /* PostAnItemView.swift in Sources */ = {isa = PBXBuildFile; fileRef = 986C37CE1FD226850027DE36 /* PostAnItemView.swift */; };
		98A9F1101FDE2ED80043ADFA /* MyItemFieldCell.swift in Sources */ = {isa = PBXBuildFile; fileRef = 98A9F10F1FDE2ED80043ADFA /* MyItemFieldCell.swift */; };
		98E682F31FD3434E00FFEC2F /* MyItemTableView.swift in Sources */ = {isa = PBXBuildFile; fileRef = 98E682F21FD3434E00FFEC2F /* MyItemTableView.swift */; };
		D713A1172002D351006039AB /* SavedPost.swift in Sources */ = {isa = PBXBuildFile; fileRef = D713A1162002D351006039AB /* SavedPost.swift */; };
		D738BB761F852FE50069FE87 /* AddItemView.swift in Sources */ = {isa = PBXBuildFile; fileRef = D738BB751F852FE50069FE87 /* AddItemView.swift */; };
		D738BB7A1F8870B70069FE87 /* DataService.swift in Sources */ = {isa = PBXBuildFile; fileRef = D738BB791F8870B70069FE87 /* DataService.swift */; };
		D73B213A1FE9FD4D00817CBD /* ItemDescriptionView.swift in Sources */ = {isa = PBXBuildFile; fileRef = D73B21391FE9FD4C00817CBD /* ItemDescriptionView.swift */; };
		D751A4971F68387400D8D9CF /* Message.swift in Sources */ = {isa = PBXBuildFile; fileRef = D751A4961F68387400D8D9CF /* Message.swift */; };
		D751A49F1F68451700D8D9CF /* MessageCell.swift in Sources */ = {isa = PBXBuildFile; fileRef = D751A49D1F68451700D8D9CF /* MessageCell.swift */; };
		D751A4A01F68451700D8D9CF /* CustomMessageCell.xib in Resources */ = {isa = PBXBuildFile; fileRef = D751A49E1F68451700D8D9CF /* CustomMessageCell.xib */; };
		D7773E301FACA6BB007F880B /* Post.swift in Sources */ = {isa = PBXBuildFile; fileRef = D7773E2F1FACA6BB007F880B /* Post.swift */; };
		D781B4EF1F6D767200236D78 /* SettingsViewController.swift in Sources */ = {isa = PBXBuildFile; fileRef = D781B4EE1F6D767200236D78 /* SettingsViewController.swift */; };
		D78767CD20028DEB004FF320 /* SavedPostCell.swift in Sources */ = {isa = PBXBuildFile; fileRef = D78767CC20028DEB004FF320 /* SavedPostCell.swift */; };
		D7953C5B1F62DE560051D526 /* AppDelegate.swift in Sources */ = {isa = PBXBuildFile; fileRef = D7953C5A1F62DE560051D526 /* AppDelegate.swift */; };
		D7953C5D1F62DE560051D526 /* ViewController.swift in Sources */ = {isa = PBXBuildFile; fileRef = D7953C5C1F62DE560051D526 /* ViewController.swift */; };
		D7953C601F62DE560051D526 /* Main.storyboard in Resources */ = {isa = PBXBuildFile; fileRef = D7953C5E1F62DE560051D526 /* Main.storyboard */; };
		D7953C621F62DE560051D526 /* Assets.xcassets in Resources */ = {isa = PBXBuildFile; fileRef = D7953C611F62DE560051D526 /* Assets.xcassets */; };
		D7953C651F62DE560051D526 /* LaunchScreen.storyboard in Resources */ = {isa = PBXBuildFile; fileRef = D7953C631F62DE560051D526 /* LaunchScreen.storyboard */; };
		D79758101FBB53BF00871E33 /* SignUpViewThree.swift in Sources */ = {isa = PBXBuildFile; fileRef = D797580F1FBB53BF00871E33 /* SignUpViewThree.swift */; };
		D7AE4CE61F66DC1500E117EC /* ResultTableView.swift in Sources */ = {isa = PBXBuildFile; fileRef = D7AE4CE51F66DC1500E117EC /* ResultTableView.swift */; };
		D7AE4CEA1F66E16600E117EC /* Profile.swift in Sources */ = {isa = PBXBuildFile; fileRef = D7AE4CE91F66E16600E117EC /* Profile.swift */; };
		D7AE4CEC1F67685800E117EC /* GoogleService-Info.plist in Resources */ = {isa = PBXBuildFile; fileRef = D7AE4CEB1F6766FB00E117EC /* GoogleService-Info.plist */; };
		D7AE4CEE1F681BD700E117EC /* ChatMessageView.swift in Sources */ = {isa = PBXBuildFile; fileRef = D7AE4CED1F681BD700E117EC /* ChatMessageView.swift */; };
		D7B3DC8C1FFE6FCF001A056C /* Extensions.swift in Sources */ = {isa = PBXBuildFile; fileRef = D7B3DC8B1FFE6FCF001A056C /* Extensions.swift */; };
		D7BDF3441FBB40CB00FDD14E /* SignUpViewTwo.swift in Sources */ = {isa = PBXBuildFile; fileRef = D7BDF3431FBB40CB00FDD14E /* SignUpViewTwo.swift */; };
		D7BDF3461FBB43C900FDD14E /* User.swift in Sources */ = {isa = PBXBuildFile; fileRef = D7BDF3451FBB43C900FDD14E /* User.swift */; };
		D7C426421FAB4D88007E6A3E /* CustomFeedCell.swift in Sources */ = {isa = PBXBuildFile; fileRef = D7C426401FAB4D88007E6A3E /* CustomFeedCell.swift */; };
		D7C426431FAB4D88007E6A3E /* CustomFeedCell.xib in Resources */ = {isa = PBXBuildFile; fileRef = D7C426411FAB4D88007E6A3E /* CustomFeedCell.xib */; };
		D7C7B8141F898522000867E7 /* ForgotPasswordView.swift in Sources */ = {isa = PBXBuildFile; fileRef = D7C7B8131F898522000867E7 /* ForgotPasswordView.swift */; };
		D7DCB3D71FEBF83E009ADE21 /* FireStorageImageUpload.swift in Sources */ = {isa = PBXBuildFile; fileRef = D7DCB3D61FEBF83E009ADE21 /* FireStorageImageUpload.swift */; };
		D7EFC2AB1F6B8F43000E183A /* LoginView.swift in Sources */ = {isa = PBXBuildFile; fileRef = D7EFC2AA1F6B8F43000E183A /* LoginView.swift */; };
		D7FA96DA1F6C17DB009F8210 /* MainTabBar.swift in Sources */ = {isa = PBXBuildFile; fileRef = D7FA96D91F6C17DB009F8210 /* MainTabBar.swift */; };
		D7FA96DC1F6C212E009F8210 /* SignUpViewController.swift in Sources */ = {isa = PBXBuildFile; fileRef = D7FA96DB1F6C212E009F8210 /* SignUpViewController.swift */; };
/* End PBXBuildFile section */

/* Begin PBXFileReference section */
		6E341A751F695D8400AB4C4B /* Constants.swift */ = {isa = PBXFileReference; fileEncoding = 4; lastKnownFileType = sourcecode.swift; path = Constants.swift; sourceTree = "<group>"; };
		90F5864BF1A44800449DBABC /* Pods-Bar_Gain.release.xcconfig */ = {isa = PBXFileReference; includeInIndex = 1; lastKnownFileType = text.xcconfig; name = "Pods-Bar_Gain.release.xcconfig"; path = "Pods/Target Support Files/Pods-Bar_Gain/Pods-Bar_Gain.release.xcconfig"; sourceTree = "<group>"; };
		98032D601FD0F68C00223834 /* SanFranciscoDisplay-Black.otf */ = {isa = PBXFileReference; lastKnownFileType = file; path = "SanFranciscoDisplay-Black.otf"; sourceTree = "<group>"; };
		98032D611FD0F68C00223834 /* SanFranciscoText-Semibold.otf */ = {isa = PBXFileReference; lastKnownFileType = file; path = "SanFranciscoText-Semibold.otf"; sourceTree = "<group>"; };
		98032D621FD0F68C00223834 /* SanFranciscoText-Bold.otf */ = {isa = PBXFileReference; lastKnownFileType = file; path = "SanFranciscoText-Bold.otf"; sourceTree = "<group>"; };
		98032D631FD0F68C00223834 /* SanFranciscoDisplay-Thin.otf */ = {isa = PBXFileReference; lastKnownFileType = file; path = "SanFranciscoDisplay-Thin.otf"; sourceTree = "<group>"; };
		98032D641FD0F68D00223834 /* SanFranciscoText-Light.otf */ = {isa = PBXFileReference; lastKnownFileType = file; path = "SanFranciscoText-Light.otf"; sourceTree = "<group>"; };
		98032D651FD0F68D00223834 /* SanFranciscoDisplay-Regular.otf */ = {isa = PBXFileReference; lastKnownFileType = file; path = "SanFranciscoDisplay-Regular.otf"; sourceTree = "<group>"; };
		98032D661FD0F68D00223834 /* SanFranciscoText-LightItalic.otf */ = {isa = PBXFileReference; lastKnownFileType = file; path = "SanFranciscoText-LightItalic.otf"; sourceTree = "<group>"; };
		98032D671FD0F68D00223834 /* SanFranciscoText-BoldItalic.otf */ = {isa = PBXFileReference; lastKnownFileType = file; path = "SanFranciscoText-BoldItalic.otf"; sourceTree = "<group>"; };
		98032D681FD0F68E00223834 /* SanFranciscoDisplay-Heavy.otf */ = {isa = PBXFileReference; lastKnownFileType = file; path = "SanFranciscoDisplay-Heavy.otf"; sourceTree = "<group>"; };
		98032D691FD0F68E00223834 /* SanFranciscoDisplay-Light.otf */ = {isa = PBXFileReference; lastKnownFileType = file; path = "SanFranciscoDisplay-Light.otf"; sourceTree = "<group>"; };
		98032D6A1FD0F68E00223834 /* SanFranciscoDisplay-Semibold.otf */ = {isa = PBXFileReference; lastKnownFileType = file; path = "SanFranciscoDisplay-Semibold.otf"; sourceTree = "<group>"; };
		98032D6B1FD0F68E00223834 /* SanFranciscoText-RegularItalic.otf */ = {isa = PBXFileReference; lastKnownFileType = file; path = "SanFranciscoText-RegularItalic.otf"; sourceTree = "<group>"; };
		98032D6C1FD0F68F00223834 /* SanFranciscoDisplay-Medium.otf */ = {isa = PBXFileReference; lastKnownFileType = file; path = "SanFranciscoDisplay-Medium.otf"; sourceTree = "<group>"; };
		98032D6D1FD0F69100223834 /* SanFranciscoText-Heavy.otf */ = {isa = PBXFileReference; lastKnownFileType = file; path = "SanFranciscoText-Heavy.otf"; sourceTree = "<group>"; };
		98032D6E1FD0F69100223834 /* SanFranciscoDisplay-Bold.otf */ = {isa = PBXFileReference; lastKnownFileType = file; path = "SanFranciscoDisplay-Bold.otf"; sourceTree = "<group>"; };
		98032D6F1FD0F69200223834 /* SanFranciscoText-SemiboldItalic.otf */ = {isa = PBXFileReference; lastKnownFileType = file; path = "SanFranciscoText-SemiboldItalic.otf"; sourceTree = "<group>"; };
		98032D701FD0F69200223834 /* SanFranciscoText-Regular.otf */ = {isa = PBXFileReference; lastKnownFileType = file; path = "SanFranciscoText-Regular.otf"; sourceTree = "<group>"; };
		98032D711FD0F69200223834 /* SanFranciscoText-HeavyItalic.otf */ = {isa = PBXFileReference; lastKnownFileType = file; path = "SanFranciscoText-HeavyItalic.otf"; sourceTree = "<group>"; };
		98032D721FD0F69300223834 /* SanFranciscoText-Medium.otf */ = {isa = PBXFileReference; lastKnownFileType = file; path = "SanFranciscoText-Medium.otf"; sourceTree = "<group>"; };
		98032D731FD0F69300223834 /* SanFranciscoDisplay-Ultralight.otf */ = {isa = PBXFileReference; lastKnownFileType = file; path = "SanFranciscoDisplay-Ultralight.otf"; sourceTree = "<group>"; };
		98032D741FD0F69300223834 /* SanFranciscoText-MediumItalic.otf */ = {isa = PBXFileReference; lastKnownFileType = file; path = "SanFranciscoText-MediumItalic.otf"; sourceTree = "<group>"; };
		9813B7E51FB639F800E985BC /* TableView.swift */ = {isa = PBXFileReference; lastKnownFileType = sourcecode.swift; path = TableView.swift; sourceTree = "<group>"; };
		9818F7A21FD4DBE600BAB421 /* ShippingMethodView.swift */ = {isa = PBXFileReference; lastKnownFileType = sourcecode.swift; path = ShippingMethodView.swift; sourceTree = "<group>"; };
		982443621FBE6791006517B3 /* AddItemTableView.swift */ = {isa = PBXFileReference; fileEncoding = 4; lastKnownFileType = sourcecode.swift; path = AddItemTableView.swift; sourceTree = "<group>"; };
		982443641FBE71B5006517B3 /* TitleFieldView.swift */ = {isa = PBXFileReference; lastKnownFileType = sourcecode.swift; path = TitleFieldView.swift; sourceTree = "<group>"; };
		982F318E1FE8D4B2009AFBA0 /* ConditionSelectionView.swift */ = {isa = PBXFileReference; lastKnownFileType = sourcecode.swift; path = ConditionSelectionView.swift; sourceTree = "<group>"; };
		98353D461FD3ABB100A8C794 /* MyItemView.swift */ = {isa = PBXFileReference; lastKnownFileType = sourcecode.swift; path = MyItemView.swift; sourceTree = "<group>"; };
		98659FA720086C100043E555 /* SelectedItemView.swift */ = {isa = PBXFileReference; lastKnownFileType = sourcecode.swift; path = SelectedItemView.swift; sourceTree = "<group>"; };
		986C37CE1FD226850027DE36 /* PostAnItemView.swift */ = {isa = PBXFileReference; lastKnownFileType = sourcecode.swift; path = PostAnItemView.swift; sourceTree = "<group>"; };
		98A9F10F1FDE2ED80043ADFA /* MyItemFieldCell.swift */ = {isa = PBXFileReference; lastKnownFileType = sourcecode.swift; path = MyItemFieldCell.swift; sourceTree = "<group>"; };
		98E682F21FD3434E00FFEC2F /* MyItemTableView.swift */ = {isa = PBXFileReference; lastKnownFileType = sourcecode.swift; path = MyItemTableView.swift; sourceTree = "<group>"; };
		C8232BEDCF46DB0AE74F2038 /* Pods-Bar_Gain.debug.xcconfig */ = {isa = PBXFileReference; includeInIndex = 1; lastKnownFileType = text.xcconfig; name = "Pods-Bar_Gain.debug.xcconfig"; path = "Pods/Target Support Files/Pods-Bar_Gain/Pods-Bar_Gain.debug.xcconfig"; sourceTree = "<group>"; };
		D713A1162002D351006039AB /* SavedPost.swift */ = {isa = PBXFileReference; lastKnownFileType = sourcecode.swift; path = SavedPost.swift; sourceTree = "<group>"; };
		D738BB751F852FE50069FE87 /* AddItemView.swift */ = {isa = PBXFileReference; lastKnownFileType = sourcecode.swift; path = AddItemView.swift; sourceTree = "<group>"; };
		D738BB791F8870B70069FE87 /* DataService.swift */ = {isa = PBXFileReference; lastKnownFileType = sourcecode.swift; path = DataService.swift; sourceTree = "<group>"; };
		D73B21391FE9FD4C00817CBD /* ItemDescriptionView.swift */ = {isa = PBXFileReference; lastKnownFileType = sourcecode.swift; path = ItemDescriptionView.swift; sourceTree = "<group>"; };
		D751A4961F68387400D8D9CF /* Message.swift */ = {isa = PBXFileReference; lastKnownFileType = sourcecode.swift; path = Message.swift; sourceTree = "<group>"; };
		D751A49D1F68451700D8D9CF /* MessageCell.swift */ = {isa = PBXFileReference; lastKnownFileType = sourcecode.swift; path = MessageCell.swift; sourceTree = "<group>"; };
		D751A49E1F68451700D8D9CF /* CustomMessageCell.xib */ = {isa = PBXFileReference; lastKnownFileType = file.xib; path = CustomMessageCell.xib; sourceTree = "<group>"; };
		D7773E2F1FACA6BB007F880B /* Post.swift */ = {isa = PBXFileReference; lastKnownFileType = sourcecode.swift; path = Post.swift; sourceTree = "<group>"; };
		D781B4EE1F6D767200236D78 /* SettingsViewController.swift */ = {isa = PBXFileReference; lastKnownFileType = sourcecode.swift; path = SettingsViewController.swift; sourceTree = "<group>"; };
		D78767CC20028DEB004FF320 /* SavedPostCell.swift */ = {isa = PBXFileReference; lastKnownFileType = sourcecode.swift; path = SavedPostCell.swift; sourceTree = "<group>"; };
		D7953C571F62DE560051D526 /* Bar_Gain.app */ = {isa = PBXFileReference; explicitFileType = wrapper.application; includeInIndex = 0; path = Bar_Gain.app; sourceTree = BUILT_PRODUCTS_DIR; };
		D7953C5A1F62DE560051D526 /* AppDelegate.swift */ = {isa = PBXFileReference; lastKnownFileType = sourcecode.swift; path = AppDelegate.swift; sourceTree = "<group>"; };
		D7953C5C1F62DE560051D526 /* ViewController.swift */ = {isa = PBXFileReference; lastKnownFileType = sourcecode.swift; path = ViewController.swift; sourceTree = "<group>"; };
		D7953C5F1F62DE560051D526 /* Base */ = {isa = PBXFileReference; lastKnownFileType = file.storyboard; name = Base; path = Base.lproj/Main.storyboard; sourceTree = "<group>"; };
		D7953C611F62DE560051D526 /* Assets.xcassets */ = {isa = PBXFileReference; lastKnownFileType = folder.assetcatalog; path = Assets.xcassets; sourceTree = "<group>"; };
		D7953C641F62DE560051D526 /* Base */ = {isa = PBXFileReference; lastKnownFileType = file.storyboard; name = Base; path = Base.lproj/LaunchScreen.storyboard; sourceTree = "<group>"; };
		D7953C661F62DE560051D526 /* Info.plist */ = {isa = PBXFileReference; lastKnownFileType = text.plist.xml; path = Info.plist; sourceTree = "<group>"; };
		D797580F1FBB53BF00871E33 /* SignUpViewThree.swift */ = {isa = PBXFileReference; lastKnownFileType = sourcecode.swift; path = SignUpViewThree.swift; sourceTree = "<group>"; };
		D7AE4CE51F66DC1500E117EC /* ResultTableView.swift */ = {isa = PBXFileReference; lastKnownFileType = sourcecode.swift; path = ResultTableView.swift; sourceTree = "<group>"; };
		D7AE4CE91F66E16600E117EC /* Profile.swift */ = {isa = PBXFileReference; lastKnownFileType = sourcecode.swift; path = Profile.swift; sourceTree = "<group>"; };
		D7AE4CEB1F6766FB00E117EC /* GoogleService-Info.plist */ = {isa = PBXFileReference; lastKnownFileType = text.plist.xml; path = "GoogleService-Info.plist"; sourceTree = "<group>"; };
		D7AE4CED1F681BD700E117EC /* ChatMessageView.swift */ = {isa = PBXFileReference; lastKnownFileType = sourcecode.swift; path = ChatMessageView.swift; sourceTree = "<group>"; };
		D7B3DC8B1FFE6FCF001A056C /* Extensions.swift */ = {isa = PBXFileReference; lastKnownFileType = sourcecode.swift; path = Extensions.swift; sourceTree = "<group>"; };
		D7BDF3431FBB40CB00FDD14E /* SignUpViewTwo.swift */ = {isa = PBXFileReference; lastKnownFileType = sourcecode.swift; path = SignUpViewTwo.swift; sourceTree = "<group>"; };
		D7BDF3451FBB43C900FDD14E /* User.swift */ = {isa = PBXFileReference; lastKnownFileType = sourcecode.swift; path = User.swift; sourceTree = "<group>"; };
		D7C426401FAB4D88007E6A3E /* CustomFeedCell.swift */ = {isa = PBXFileReference; lastKnownFileType = sourcecode.swift; path = CustomFeedCell.swift; sourceTree = "<group>"; };
		D7C426411FAB4D88007E6A3E /* CustomFeedCell.xib */ = {isa = PBXFileReference; lastKnownFileType = file.xib; path = CustomFeedCell.xib; sourceTree = "<group>"; };
		D7C7B8131F898522000867E7 /* ForgotPasswordView.swift */ = {isa = PBXFileReference; lastKnownFileType = sourcecode.swift; path = ForgotPasswordView.swift; sourceTree = "<group>"; };
		D7DCB3D61FEBF83E009ADE21 /* FireStorageImageUpload.swift */ = {isa = PBXFileReference; lastKnownFileType = sourcecode.swift; path = FireStorageImageUpload.swift; sourceTree = "<group>"; };
		D7EFC2AA1F6B8F43000E183A /* LoginView.swift */ = {isa = PBXFileReference; lastKnownFileType = sourcecode.swift; path = LoginView.swift; sourceTree = "<group>"; };
		D7FA96D91F6C17DB009F8210 /* MainTabBar.swift */ = {isa = PBXFileReference; lastKnownFileType = sourcecode.swift; path = MainTabBar.swift; sourceTree = "<group>"; };
		D7FA96DB1F6C212E009F8210 /* SignUpViewController.swift */ = {isa = PBXFileReference; lastKnownFileType = sourcecode.swift; path = SignUpViewController.swift; sourceTree = "<group>"; };
		FB50CA9FAB1A5273E5465475 /* Pods_Bar_Gain.framework */ = {isa = PBXFileReference; explicitFileType = wrapper.framework; includeInIndex = 0; path = Pods_Bar_Gain.framework; sourceTree = BUILT_PRODUCTS_DIR; };
/* End PBXFileReference section */

/* Begin PBXFrameworksBuildPhase section */
		D7953C541F62DE560051D526 /* Frameworks */ = {
			isa = PBXFrameworksBuildPhase;
			buildActionMask = 2147483647;
			files = (
				71A9F8ABAE830906DA8D4ACB /* Pods_Bar_Gain.framework in Frameworks */,
			);
			runOnlyForDeploymentPostprocessing = 0;
		};
/* End PBXFrameworksBuildPhase section */

/* Begin PBXGroup section */
		6BDACD55B3B629E34CF45505 /* Pods */ = {
			isa = PBXGroup;
			children = (
				C8232BEDCF46DB0AE74F2038 /* Pods-Bar_Gain.debug.xcconfig */,
				90F5864BF1A44800449DBABC /* Pods-Bar_Gain.release.xcconfig */,
			);
			name = Pods;
			sourceTree = "<group>";
		};
		6EE5CA381F6982BC008FB6AF /* MessageCell */ = {
			isa = PBXGroup;
			children = (
				D751A49D1F68451700D8D9CF /* MessageCell.swift */,
				D751A49E1F68451700D8D9CF /* CustomMessageCell.xib */,
			);
			path = MessageCell;
			sourceTree = "<group>";
		};
		6EE5CA391F6982C9008FB6AF /* Profile TableViews */ = {
			isa = PBXGroup;
			children = (
				9813B7E51FB639F800E985BC /* TableView.swift */,
			);
			path = "Profile TableViews";
			sourceTree = "<group>";
		};
		907B152CD50F1EAFB4F807BF /* Frameworks */ = {
			isa = PBXGroup;
			children = (
				FB50CA9FAB1A5273E5465475 /* Pods_Bar_Gain.framework */,
			);
			name = Frameworks;
			sourceTree = "<group>";
		};
		98032D751FD0F69700223834 /*  Resources */ = {
			isa = PBXGroup;
			children = (
				98032D601FD0F68C00223834 /* SanFranciscoDisplay-Black.otf */,
				98032D6E1FD0F69100223834 /* SanFranciscoDisplay-Bold.otf */,
				98032D681FD0F68E00223834 /* SanFranciscoDisplay-Heavy.otf */,
				98032D691FD0F68E00223834 /* SanFranciscoDisplay-Light.otf */,
				98032D6C1FD0F68F00223834 /* SanFranciscoDisplay-Medium.otf */,
				98032D651FD0F68D00223834 /* SanFranciscoDisplay-Regular.otf */,
				98032D6A1FD0F68E00223834 /* SanFranciscoDisplay-Semibold.otf */,
				98032D631FD0F68C00223834 /* SanFranciscoDisplay-Thin.otf */,
				98032D731FD0F69300223834 /* SanFranciscoDisplay-Ultralight.otf */,
				98032D621FD0F68C00223834 /* SanFranciscoText-Bold.otf */,
				98032D671FD0F68D00223834 /* SanFranciscoText-BoldItalic.otf */,
				98032D6D1FD0F69100223834 /* SanFranciscoText-Heavy.otf */,
				98032D711FD0F69200223834 /* SanFranciscoText-HeavyItalic.otf */,
				98032D641FD0F68D00223834 /* SanFranciscoText-Light.otf */,
				98032D661FD0F68D00223834 /* SanFranciscoText-LightItalic.otf */,
				98032D721FD0F69300223834 /* SanFranciscoText-Medium.otf */,
				98032D741FD0F69300223834 /* SanFranciscoText-MediumItalic.otf */,
				98032D701FD0F69200223834 /* SanFranciscoText-Regular.otf */,
				98032D6B1FD0F68E00223834 /* SanFranciscoText-RegularItalic.otf */,
				98032D611FD0F68C00223834 /* SanFranciscoText-Semibold.otf */,
				98032D6F1FD0F69200223834 /* SanFranciscoText-SemiboldItalic.otf */,
			);
			path = " Resources";
			sourceTree = "<group>";
		};
		D72EDD321F68374900EED9F4 /* View */ = {
			isa = PBXGroup;
			children = (
				D7953C5E1F62DE560051D526 /* Main.storyboard */,
				D7953C631F62DE560051D526 /* LaunchScreen.storyboard */,
			);
			path = View;
			sourceTree = "<group>";
		};
		D72EDD331F68376100EED9F4 /* Control */ = {
			isa = PBXGroup;
			children = (
				D7953C5A1F62DE560051D526 /* AppDelegate.swift */,
				D7953C5C1F62DE560051D526 /* ViewController.swift */,
				D7AE4CED1F681BD700E117EC /* ChatMessageView.swift */,
				D7EFC2AA1F6B8F43000E183A /* LoginView.swift */,
				D7AE4CE51F66DC1500E117EC /* ResultTableView.swift */,
				D7AE4CE91F66E16600E117EC /* Profile.swift */,
				D7FA96D91F6C17DB009F8210 /* MainTabBar.swift */,
				D7FA96DB1F6C212E009F8210 /* SignUpViewController.swift */,
				D7BDF3431FBB40CB00FDD14E /* SignUpViewTwo.swift */,
				D797580F1FBB53BF00871E33 /* SignUpViewThree.swift */,
				D781B4EE1F6D767200236D78 /* SettingsViewController.swift */,
				D738BB751F852FE50069FE87 /* AddItemView.swift */,
				982443621FBE6791006517B3 /* AddItemTableView.swift */,
				982443641FBE71B5006517B3 /* TitleFieldView.swift */,
				986C37CE1FD226850027DE36 /* PostAnItemView.swift */,
				98E682F21FD3434E00FFEC2F /* MyItemTableView.swift */,
				98353D461FD3ABB100A8C794 /* MyItemView.swift */,
				D7C7B8131F898522000867E7 /* ForgotPasswordView.swift */,
				9818F7A21FD4DBE600BAB421 /* ShippingMethodView.swift */,
				98A9F10F1FDE2ED80043ADFA /* MyItemFieldCell.swift */,
				D73B21391FE9FD4C00817CBD /* ItemDescriptionView.swift */,
				982F318E1FE8D4B2009AFBA0 /* ConditionSelectionView.swift */,
				98659FA720086C100043E555 /* SelectedItemView.swift */,
				D713A1162002D351006039AB /* SavedPost.swift */,
			);
			path = Control;
			sourceTree = "<group>";
		};
		D72EDD341F68376C00EED9F4 /* Model */ = {
			isa = PBXGroup;
			children = (
				D751A4961F68387400D8D9CF /* Message.swift */,
				6E341A751F695D8400AB4C4B /* Constants.swift */,
				D7773E2F1FACA6BB007F880B /* Post.swift */,
				D7BDF3451FBB43C900FDD14E /* User.swift */,
			);
			path = Model;
			sourceTree = "<group>";
		};
		D738BB781F8870950069FE87 /* Services */ = {
			isa = PBXGroup;
			children = (
				D738BB791F8870B70069FE87 /* DataService.swift */,
				D7DCB3D61FEBF83E009ADE21 /* FireStorageImageUpload.swift */,
			);
			path = Services;
			sourceTree = "<group>";
		};
		D751A4951F6837A500D8D9CF /* Additional Files */ = {
			isa = PBXGroup;
			children = (
				D7AE4CEB1F6766FB00E117EC /* GoogleService-Info.plist */,
			);
			path = "Additional Files";
			sourceTree = "<group>";
		};
		D751A49C1F68447700D8D9CF /* Custom Views */ = {
			isa = PBXGroup;
			children = (
				6EE5CA391F6982C9008FB6AF /* Profile TableViews */,
				6EE5CA381F6982BC008FB6AF /* MessageCell */,
				D7C426401FAB4D88007E6A3E /* CustomFeedCell.swift */,
				D7C426411FAB4D88007E6A3E /* CustomFeedCell.xib */,
				D78767CC20028DEB004FF320 /* SavedPostCell.swift */,
			);
			path = "Custom Views";
			sourceTree = "<group>";
		};
		D7953C4E1F62DE560051D526 = {
			isa = PBXGroup;
			children = (
				D7953C591F62DE560051D526 /* Bar_Gain */,
				D7953C581F62DE560051D526 /* Products */,
				6BDACD55B3B629E34CF45505 /* Pods */,
				907B152CD50F1EAFB4F807BF /* Frameworks */,
			);
			sourceTree = "<group>";
		};
		D7953C581F62DE560051D526 /* Products */ = {
			isa = PBXGroup;
			children = (
				D7953C571F62DE560051D526 /* Bar_Gain.app */,
			);
			name = Products;
			sourceTree = "<group>";
		};
		D7953C591F62DE560051D526 /* Bar_Gain */ = {
			isa = PBXGroup;
			children = (
				D7B3DC8A1FFE6FB1001A056C /* Extension Helpers */,
				98032D751FD0F69700223834 /*  Resources */,
				D738BB781F8870950069FE87 /* Services */,
				D751A49C1F68447700D8D9CF /* Custom Views */,
				D72EDD341F68376C00EED9F4 /* Model */,
				D72EDD331F68376100EED9F4 /* Control */,
				D72EDD321F68374900EED9F4 /* View */,
				D7953C611F62DE560051D526 /* Assets.xcassets */,
				D7953C661F62DE560051D526 /* Info.plist */,
				D751A4951F6837A500D8D9CF /* Additional Files */,
			);
			path = Bar_Gain;
			sourceTree = "<group>";
		};
		D7B3DC8A1FFE6FB1001A056C /* Extension Helpers */ = {
			isa = PBXGroup;
			children = (
				D7B3DC8B1FFE6FCF001A056C /* Extensions.swift */,
			);
			path = "Extension Helpers";
			sourceTree = "<group>";
		};
/* End PBXGroup section */

/* Begin PBXNativeTarget section */
		D7953C561F62DE560051D526 /* Bar_Gain */ = {
			isa = PBXNativeTarget;
			buildConfigurationList = D7953C691F62DE560051D526 /* Build configuration list for PBXNativeTarget "Bar_Gain" */;
			buildPhases = (
				2ABB81B0CAD792744EE1FF75 /* [CP] Check Pods Manifest.lock */,
				D7953C531F62DE560051D526 /* Sources */,
				D7953C541F62DE560051D526 /* Frameworks */,
				D7953C551F62DE560051D526 /* Resources */,
				642CA932B3CF715B3D5362F7 /* [CP] Embed Pods Frameworks */,
				043D9B25DB146A04EBE275D2 /* [CP] Copy Pods Resources */,
			);
			buildRules = (
			);
			dependencies = (
			);
			name = Bar_Gain;
			productName = Bar_Gain;
			productReference = D7953C571F62DE560051D526 /* Bar_Gain.app */;
			productType = "com.apple.product-type.application";
		};
/* End PBXNativeTarget section */

/* Begin PBXProject section */
		D7953C4F1F62DE560051D526 /* Project object */ = {
			isa = PBXProject;
			attributes = {
				LastSwiftUpdateCheck = 0900;
				LastUpgradeCheck = 0900;
				ORGANIZATIONNAME = "Gianmaria Biselli";
				TargetAttributes = {
					D7953C561F62DE560051D526 = {
						CreatedOnToolsVersion = 9.0;
						ProvisioningStyle = Automatic;
					};
				};
			};
			buildConfigurationList = D7953C521F62DE560051D526 /* Build configuration list for PBXProject "Bar_Gain" */;
			compatibilityVersion = "Xcode 8.0";
			developmentRegion = en;
			hasScannedForEncodings = 0;
			knownRegions = (
				en,
				Base,
			);
			mainGroup = D7953C4E1F62DE560051D526;
			productRefGroup = D7953C581F62DE560051D526 /* Products */;
			projectDirPath = "";
			projectRoot = "";
			targets = (
				D7953C561F62DE560051D526 /* Bar_Gain */,
			);
		};
/* End PBXProject section */

/* Begin PBXResourcesBuildPhase section */
		D7953C551F62DE560051D526 /* Resources */ = {
			isa = PBXResourcesBuildPhase;
			buildActionMask = 2147483647;
			files = (
				98032D841FD0F69700223834 /* SanFranciscoDisplay-Bold.otf in Resources */,
				D7C426431FAB4D88007E6A3E /* CustomFeedCell.xib in Resources */,
				98032D7C1FD0F69700223834 /* SanFranciscoText-LightItalic.otf in Resources */,
				98032D821FD0F69700223834 /* SanFranciscoDisplay-Medium.otf in Resources */,
				98032D871FD0F69700223834 /* SanFranciscoText-HeavyItalic.otf in Resources */,
				D7953C651F62DE560051D526 /* LaunchScreen.storyboard in Resources */,
				D7AE4CEC1F67685800E117EC /* GoogleService-Info.plist in Resources */,
				D7953C621F62DE560051D526 /* Assets.xcassets in Resources */,
				98032D761FD0F69700223834 /* SanFranciscoDisplay-Black.otf in Resources */,
				98032D791FD0F69700223834 /* SanFranciscoDisplay-Thin.otf in Resources */,
				98032D811FD0F69700223834 /* SanFranciscoText-RegularItalic.otf in Resources */,
				98032D7D1FD0F69700223834 /* SanFranciscoText-BoldItalic.otf in Resources */,
				98032D831FD0F69700223834 /* SanFranciscoText-Heavy.otf in Resources */,
				98032D781FD0F69700223834 /* SanFranciscoText-Bold.otf in Resources */,
				98032D851FD0F69700223834 /* SanFranciscoText-SemiboldItalic.otf in Resources */,
				98032D7F1FD0F69700223834 /* SanFranciscoDisplay-Light.otf in Resources */,
				D751A4A01F68451700D8D9CF /* CustomMessageCell.xib in Resources */,
				98032D801FD0F69700223834 /* SanFranciscoDisplay-Semibold.otf in Resources */,
				98032D881FD0F69700223834 /* SanFranciscoText-Medium.otf in Resources */,
				98032D7E1FD0F69700223834 /* SanFranciscoDisplay-Heavy.otf in Resources */,
				D7953C601F62DE560051D526 /* Main.storyboard in Resources */,
				98032D7B1FD0F69700223834 /* SanFranciscoDisplay-Regular.otf in Resources */,
				98032D861FD0F69700223834 /* SanFranciscoText-Regular.otf in Resources */,
				98032D8A1FD0F69700223834 /* SanFranciscoText-MediumItalic.otf in Resources */,
				98032D771FD0F69700223834 /* SanFranciscoText-Semibold.otf in Resources */,
				98032D891FD0F69700223834 /* SanFranciscoDisplay-Ultralight.otf in Resources */,
				98032D7A1FD0F69700223834 /* SanFranciscoText-Light.otf in Resources */,
			);
			runOnlyForDeploymentPostprocessing = 0;
		};
/* End PBXResourcesBuildPhase section */

/* Begin PBXShellScriptBuildPhase section */
		043D9B25DB146A04EBE275D2 /* [CP] Copy Pods Resources */ = {
			isa = PBXShellScriptBuildPhase;
			buildActionMask = 2147483647;
			files = (
			);
			inputPaths = (
			);
			name = "[CP] Copy Pods Resources";
			outputPaths = (
			);
			runOnlyForDeploymentPostprocessing = 0;
			shellPath = /bin/sh;
			shellScript = "\"${SRCROOT}/Pods/Target Support Files/Pods-Bar_Gain/Pods-Bar_Gain-resources.sh\"\n";
			showEnvVarsInLog = 0;
		};
		2ABB81B0CAD792744EE1FF75 /* [CP] Check Pods Manifest.lock */ = {
			isa = PBXShellScriptBuildPhase;
			buildActionMask = 2147483647;
			files = (
			);
			inputPaths = (
				"${PODS_PODFILE_DIR_PATH}/Podfile.lock",
				"${PODS_ROOT}/Manifest.lock",
			);
			name = "[CP] Check Pods Manifest.lock";
			outputPaths = (
				"$(DERIVED_FILE_DIR)/Pods-Bar_Gain-checkManifestLockResult.txt",
			);
			runOnlyForDeploymentPostprocessing = 0;
			shellPath = /bin/sh;
			shellScript = "diff \"${PODS_PODFILE_DIR_PATH}/Podfile.lock\" \"${PODS_ROOT}/Manifest.lock\" > /dev/null\nif [ $? != 0 ] ; then\n    # print error to STDERR\n    echo \"error: The sandbox is not in sync with the Podfile.lock. Run 'pod install' or update your CocoaPods installation.\" >&2\n    exit 1\nfi\n# This output is used by Xcode 'outputs' to avoid re-running this script phase.\necho \"SUCCESS\" > \"${SCRIPT_OUTPUT_FILE_0}\"\n";
			showEnvVarsInLog = 0;
		};
		642CA932B3CF715B3D5362F7 /* [CP] Embed Pods Frameworks */ = {
			isa = PBXShellScriptBuildPhase;
			buildActionMask = 2147483647;
			files = (
			);
			inputPaths = (
				"${SRCROOT}/Pods/Target Support Files/Pods-Bar_Gain/Pods-Bar_Gain-frameworks.sh",
				"${BUILT_PRODUCTS_DIR}/Alamofire/Alamofire.framework",
				"${BUILT_PRODUCTS_DIR}/BoringSSL/openssl.framework",
				"${BUILT_PRODUCTS_DIR}/EasyPostApi/EasyPostApi.framework",
				"${BUILT_PRODUCTS_DIR}/GTMSessionFetcher/GTMSessionFetcher.framework",
				"${BUILT_PRODUCTS_DIR}/GoogleToolboxForMac/GoogleToolboxForMac.framework",
				"${BUILT_PRODUCTS_DIR}/Kingfisher/Kingfisher.framework",
				"${BUILT_PRODUCTS_DIR}/Protobuf/Protobuf.framework",
				"${BUILT_PRODUCTS_DIR}/gRPC/GRPCClient.framework",
				"${BUILT_PRODUCTS_DIR}/gRPC-Core/grpc.framework",
				"${BUILT_PRODUCTS_DIR}/gRPC-ProtoRPC/ProtoRPC.framework",
				"${BUILT_PRODUCTS_DIR}/gRPC-RxLibrary/RxLibrary.framework",
				"${BUILT_PRODUCTS_DIR}/leveldb-library/leveldb.framework",
				"${BUILT_PRODUCTS_DIR}/nanopb/nanopb.framework",
			);
			name = "[CP] Embed Pods Frameworks";
			outputPaths = (
				"${TARGET_BUILD_DIR}/${FRAMEWORKS_FOLDER_PATH}/Alamofire.framework",
				"${TARGET_BUILD_DIR}/${FRAMEWORKS_FOLDER_PATH}/openssl.framework",
				"${TARGET_BUILD_DIR}/${FRAMEWORKS_FOLDER_PATH}/EasyPostApi.framework",
				"${TARGET_BUILD_DIR}/${FRAMEWORKS_FOLDER_PATH}/GTMSessionFetcher.framework",
				"${TARGET_BUILD_DIR}/${FRAMEWORKS_FOLDER_PATH}/GoogleToolboxForMac.framework",
				"${TARGET_BUILD_DIR}/${FRAMEWORKS_FOLDER_PATH}/Kingfisher.framework",
				"${TARGET_BUILD_DIR}/${FRAMEWORKS_FOLDER_PATH}/Protobuf.framework",
				"${TARGET_BUILD_DIR}/${FRAMEWORKS_FOLDER_PATH}/GRPCClient.framework",
				"${TARGET_BUILD_DIR}/${FRAMEWORKS_FOLDER_PATH}/grpc.framework",
				"${TARGET_BUILD_DIR}/${FRAMEWORKS_FOLDER_PATH}/ProtoRPC.framework",
				"${TARGET_BUILD_DIR}/${FRAMEWORKS_FOLDER_PATH}/RxLibrary.framework",
				"${TARGET_BUILD_DIR}/${FRAMEWORKS_FOLDER_PATH}/leveldb.framework",
				"${TARGET_BUILD_DIR}/${FRAMEWORKS_FOLDER_PATH}/nanopb.framework",
			);
			runOnlyForDeploymentPostprocessing = 0;
			shellPath = /bin/sh;
			shellScript = "\"${SRCROOT}/Pods/Target Support Files/Pods-Bar_Gain/Pods-Bar_Gain-frameworks.sh\"\n";
			showEnvVarsInLog = 0;
		};
/* End PBXShellScriptBuildPhase section */

/* Begin PBXSourcesBuildPhase section */
		D7953C531F62DE560051D526 /* Sources */ = {
			isa = PBXSourcesBuildPhase;
			buildActionMask = 2147483647;
			files = (
				D751A49F1F68451700D8D9CF /* MessageCell.swift in Sources */,
				98E682F31FD3434E00FFEC2F /* MyItemTableView.swift in Sources */,
				D7AE4CE61F66DC1500E117EC /* ResultTableView.swift in Sources */,
				D79758101FBB53BF00871E33 /* SignUpViewThree.swift in Sources */,
				D7C7B8141F898522000867E7 /* ForgotPasswordView.swift in Sources */,
				D7AE4CEA1F66E16600E117EC /* Profile.swift in Sources */,
				D7953C5D1F62DE560051D526 /* ViewController.swift in Sources */,
				982443631FBE6791006517B3 /* AddItemTableView.swift in Sources */,
				D7FA96DA1F6C17DB009F8210 /* MainTabBar.swift in Sources */,
				D713A1172002D351006039AB /* SavedPost.swift in Sources */,
				D7FA96DC1F6C212E009F8210 /* SignUpViewController.swift in Sources */,
				D751A4971F68387400D8D9CF /* Message.swift in Sources */,
				D7BDF3461FBB43C900FDD14E /* User.swift in Sources */,
				982443651FBE71B5006517B3 /* TitleFieldView.swift in Sources */,
				982F318F1FE8D4B2009AFBA0 /* ConditionSelectionView.swift in Sources */,
				D73B213A1FE9FD4D00817CBD /* ItemDescriptionView.swift in Sources */,
				98353D471FD3ABB100A8C794 /* MyItemView.swift in Sources */,
				9818F7A31FD4DBE600BAB421 /* ShippingMethodView.swift in Sources */,
				D7953C5B1F62DE560051D526 /* AppDelegate.swift in Sources */,
				D738BB7A1F8870B70069FE87 /* DataService.swift in Sources */,
				98A9F1101FDE2ED80043ADFA /* MyItemFieldCell.swift in Sources */,
				D738BB761F852FE50069FE87 /* AddItemView.swift in Sources */,
				D7AE4CEE1F681BD700E117EC /* ChatMessageView.swift in Sources */,
				D7C426421FAB4D88007E6A3E /* CustomFeedCell.swift in Sources */,
				D78767CD20028DEB004FF320 /* SavedPostCell.swift in Sources */,
				D7BDF3441FBB40CB00FDD14E /* SignUpViewTwo.swift in Sources */,
				9813B7E61FB639F800E985BC /* TableView.swift in Sources */,
				D7DCB3D71FEBF83E009ADE21 /* FireStorageImageUpload.swift in Sources */,
				D781B4EF1F6D767200236D78 /* SettingsViewController.swift in Sources */,
				D7B3DC8C1FFE6FCF001A056C /* Extensions.swift in Sources */,
				D7773E301FACA6BB007F880B /* Post.swift in Sources */,
				D7EFC2AB1F6B8F43000E183A /* LoginView.swift in Sources */,
				98659FA820086C100043E555 /* SelectedItemView.swift in Sources */,
				986C37CF1FD226850027DE36 /* PostAnItemView.swift in Sources */,
				6E341A761F695D8400AB4C4B /* Constants.swift in Sources */,
			);
			runOnlyForDeploymentPostprocessing = 0;
		};
/* End PBXSourcesBuildPhase section */

/* Begin PBXVariantGroup section */
		D7953C5E1F62DE560051D526 /* Main.storyboard */ = {
			isa = PBXVariantGroup;
			children = (
				D7953C5F1F62DE560051D526 /* Base */,
			);
			name = Main.storyboard;
			sourceTree = "<group>";
		};
		D7953C631F62DE560051D526 /* LaunchScreen.storyboard */ = {
			isa = PBXVariantGroup;
			children = (
				D7953C641F62DE560051D526 /* Base */,
			);
			name = LaunchScreen.storyboard;
			sourceTree = "<group>";
		};
/* End PBXVariantGroup section */

/* Begin XCBuildConfiguration section */
		D7953C671F62DE560051D526 /* Debug */ = {
			isa = XCBuildConfiguration;
			buildSettings = {
				ALWAYS_SEARCH_USER_PATHS = NO;
				CLANG_ANALYZER_NONNULL = YES;
				CLANG_ANALYZER_NUMBER_OBJECT_CONVERSION = YES_AGGRESSIVE;
				CLANG_CXX_LANGUAGE_STANDARD = "gnu++14";
				CLANG_CXX_LIBRARY = "libc++";
				CLANG_ENABLE_MODULES = YES;
				CLANG_ENABLE_OBJC_ARC = YES;
				CLANG_WARN_BLOCK_CAPTURE_AUTORELEASING = YES;
				CLANG_WARN_BOOL_CONVERSION = YES;
				CLANG_WARN_COMMA = YES;
				CLANG_WARN_CONSTANT_CONVERSION = YES;
				CLANG_WARN_DIRECT_OBJC_ISA_USAGE = YES_ERROR;
				CLANG_WARN_DOCUMENTATION_COMMENTS = YES;
				CLANG_WARN_EMPTY_BODY = YES;
				CLANG_WARN_ENUM_CONVERSION = YES;
				CLANG_WARN_INFINITE_RECURSION = YES;
				CLANG_WARN_INT_CONVERSION = YES;
				CLANG_WARN_NON_LITERAL_NULL_CONVERSION = YES;
				CLANG_WARN_OBJC_LITERAL_CONVERSION = YES;
				CLANG_WARN_OBJC_ROOT_CLASS = YES_ERROR;
				CLANG_WARN_RANGE_LOOP_ANALYSIS = YES;
				CLANG_WARN_STRICT_PROTOTYPES = YES;
				CLANG_WARN_SUSPICIOUS_MOVE = YES;
				CLANG_WARN_UNGUARDED_AVAILABILITY = YES_AGGRESSIVE;
				CLANG_WARN_UNREACHABLE_CODE = YES;
				CLANG_WARN__DUPLICATE_METHOD_MATCH = YES;
				CODE_SIGN_IDENTITY = "iPhone Developer";
				COPY_PHASE_STRIP = NO;
				DEBUG_INFORMATION_FORMAT = dwarf;
				ENABLE_STRICT_OBJC_MSGSEND = YES;
				ENABLE_TESTABILITY = YES;
				GCC_C_LANGUAGE_STANDARD = gnu11;
				GCC_DYNAMIC_NO_PIC = NO;
				GCC_NO_COMMON_BLOCKS = YES;
				GCC_OPTIMIZATION_LEVEL = 0;
				GCC_PREPROCESSOR_DEFINITIONS = (
					"DEBUG=1",
					"$(inherited)",
				);
				GCC_WARN_64_TO_32_BIT_CONVERSION = YES;
				GCC_WARN_ABOUT_RETURN_TYPE = YES_ERROR;
				GCC_WARN_UNDECLARED_SELECTOR = YES;
				GCC_WARN_UNINITIALIZED_AUTOS = YES_AGGRESSIVE;
				GCC_WARN_UNUSED_FUNCTION = YES;
				GCC_WARN_UNUSED_VARIABLE = YES;
				IPHONEOS_DEPLOYMENT_TARGET = 11.0;
				MTL_ENABLE_DEBUG_INFO = YES;
				ONLY_ACTIVE_ARCH = YES;
				SDKROOT = iphoneos;
				SWIFT_ACTIVE_COMPILATION_CONDITIONS = DEBUG;
				SWIFT_OPTIMIZATION_LEVEL = "-Onone";
				SWIFT_VERSION = 4.0;
			};
			name = Debug;
		};
		D7953C681F62DE560051D526 /* Release */ = {
			isa = XCBuildConfiguration;
			buildSettings = {
				ALWAYS_SEARCH_USER_PATHS = NO;
				CLANG_ANALYZER_NONNULL = YES;
				CLANG_ANALYZER_NUMBER_OBJECT_CONVERSION = YES_AGGRESSIVE;
				CLANG_CXX_LANGUAGE_STANDARD = "gnu++14";
				CLANG_CXX_LIBRARY = "libc++";
				CLANG_ENABLE_MODULES = YES;
				CLANG_ENABLE_OBJC_ARC = YES;
				CLANG_WARN_BLOCK_CAPTURE_AUTORELEASING = YES;
				CLANG_WARN_BOOL_CONVERSION = YES;
				CLANG_WARN_COMMA = YES;
				CLANG_WARN_CONSTANT_CONVERSION = YES;
				CLANG_WARN_DIRECT_OBJC_ISA_USAGE = YES_ERROR;
				CLANG_WARN_DOCUMENTATION_COMMENTS = YES;
				CLANG_WARN_EMPTY_BODY = YES;
				CLANG_WARN_ENUM_CONVERSION = YES;
				CLANG_WARN_INFINITE_RECURSION = YES;
				CLANG_WARN_INT_CONVERSION = YES;
				CLANG_WARN_NON_LITERAL_NULL_CONVERSION = YES;
				CLANG_WARN_OBJC_LITERAL_CONVERSION = YES;
				CLANG_WARN_OBJC_ROOT_CLASS = YES_ERROR;
				CLANG_WARN_RANGE_LOOP_ANALYSIS = YES;
				CLANG_WARN_STRICT_PROTOTYPES = YES;
				CLANG_WARN_SUSPICIOUS_MOVE = YES;
				CLANG_WARN_UNGUARDED_AVAILABILITY = YES_AGGRESSIVE;
				CLANG_WARN_UNREACHABLE_CODE = YES;
				CLANG_WARN__DUPLICATE_METHOD_MATCH = YES;
				CODE_SIGN_IDENTITY = "iPhone Developer";
				COPY_PHASE_STRIP = NO;
				DEBUG_INFORMATION_FORMAT = "dwarf-with-dsym";
				ENABLE_NS_ASSERTIONS = NO;
				ENABLE_STRICT_OBJC_MSGSEND = YES;
				GCC_C_LANGUAGE_STANDARD = gnu11;
				GCC_NO_COMMON_BLOCKS = YES;
				GCC_WARN_64_TO_32_BIT_CONVERSION = YES;
				GCC_WARN_ABOUT_RETURN_TYPE = YES_ERROR;
				GCC_WARN_UNDECLARED_SELECTOR = YES;
				GCC_WARN_UNINITIALIZED_AUTOS = YES_AGGRESSIVE;
				GCC_WARN_UNUSED_FUNCTION = YES;
				GCC_WARN_UNUSED_VARIABLE = YES;
				IPHONEOS_DEPLOYMENT_TARGET = 11.0;
				MTL_ENABLE_DEBUG_INFO = NO;
				SDKROOT = iphoneos;
				SWIFT_OPTIMIZATION_LEVEL = "-Owholemodule";
				SWIFT_VERSION = 4.0;
				VALIDATE_PRODUCT = YES;
			};
			name = Release;
		};
		D7953C6A1F62DE560051D526 /* Debug */ = {
			isa = XCBuildConfiguration;
			baseConfigurationReference = C8232BEDCF46DB0AE74F2038 /* Pods-Bar_Gain.debug.xcconfig */;
			buildSettings = {
				ASSETCATALOG_COMPILER_APPICON_NAME = AppIcon;
				"CODE_SIGN_IDENTITY[sdk=iphoneos*]" = "iPhone Developer";
				CODE_SIGN_STYLE = Automatic;
				DEVELOPMENT_TEAM = UNZ8Q3YU3G;
				INFOPLIST_FILE = Bar_Gain/Info.plist;
				LD_RUNPATH_SEARCH_PATHS = "$(inherited) @executable_path/Frameworks";
				PRODUCT_BUNDLE_IDENTIFIER = "com.GianmariaBiselli.Bar-Gain";
				PRODUCT_NAME = "$(TARGET_NAME)";
				PROVISIONING_PROFILE_SPECIFIER = "";
				SWIFT_VERSION = 4.0;
				TARGETED_DEVICE_FAMILY = "1,2";
			};
			name = Debug;
		};
		D7953C6B1F62DE560051D526 /* Release */ = {
			isa = XCBuildConfiguration;
			baseConfigurationReference = 90F5864BF1A44800449DBABC /* Pods-Bar_Gain.release.xcconfig */;
			buildSettings = {
				ASSETCATALOG_COMPILER_APPICON_NAME = AppIcon;
				"CODE_SIGN_IDENTITY[sdk=iphoneos*]" = "iPhone Developer";
				CODE_SIGN_STYLE = Automatic;
				DEVELOPMENT_TEAM = UNZ8Q3YU3G;
				INFOPLIST_FILE = Bar_Gain/Info.plist;
				LD_RUNPATH_SEARCH_PATHS = "$(inherited) @executable_path/Frameworks";
				PRODUCT_BUNDLE_IDENTIFIER = "com.GianmariaBiselli.Bar-Gain";
				PRODUCT_NAME = "$(TARGET_NAME)";
				PROVISIONING_PROFILE_SPECIFIER = "";
				SWIFT_VERSION = 4.0;
				TARGETED_DEVICE_FAMILY = "1,2";
			};
			name = Release;
		};
/* End XCBuildConfiguration section */

/* Begin XCConfigurationList section */
		D7953C521F62DE560051D526 /* Build configuration list for PBXProject "Bar_Gain" */ = {
			isa = XCConfigurationList;
			buildConfigurations = (
				D7953C671F62DE560051D526 /* Debug */,
				D7953C681F62DE560051D526 /* Release */,
			);
			defaultConfigurationIsVisible = 0;
			defaultConfigurationName = Release;
		};
		D7953C691F62DE560051D526 /* Build configuration list for PBXNativeTarget "Bar_Gain" */ = {
			isa = XCConfigurationList;
			buildConfigurations = (
				D7953C6A1F62DE560051D526 /* Debug */,
				D7953C6B1F62DE560051D526 /* Release */,
			);
			defaultConfigurationIsVisible = 0;
			defaultConfigurationName = Release;
		};
/* End XCConfigurationList section */
	};
	rootObject = D7953C4F1F62DE560051D526 /* Project object */;
}
